
Microsoft Visual Studio Solution File, Format Version 12.00
# Visual Studio Version 16
VisualStudioVersion = 16.0.31229.75
MinimumVisualStudioVersion = 10.0.40219.1
Project("{FAE04EC0-301F-11D3-BF4B-00C04F79EFBC}") = "TimetableM", "TimetableM.csproj", "{C9D83656-2704-44A0-886E-99D097F3E42C}"
EndProject
Global
	GlobalSection(SolutionConfigurationPlatforms) = preSolution
		Debug|Any CPU = Debug|Any CPU
		Release|Any CPU = Release|Any CPU
	EndGlobalSection
	GlobalSection(ProjectConfigurationPlatforms) = postSolution
		{C9D83656-2704-44A0-886E-99D097F3E42C}.Debug|Any CPU.ActiveCfg = Debug|Any CPU
		{C9D83656-2704-44A0-886E-99D097F3E42C}.Debug|Any CPU.Build.0 = Debug|Any CPU
		{C9D83656-2704-44A0-886E-99D097F3E42C}.Release|Any CPU.ActiveCfg = Release|Any CPU
		{C9D83656-2704-44A0-886E-99D097F3E42C}.Release|Any CPU.Build.0 = Release|Any CPU
	EndGlobalSection
	GlobalSection(SolutionProperties) = preSolution
		HideSolutionNode = FALSE
	EndGlobalSection
	GlobalSection(ExtensibilityGlobals) = postSolution
		SolutionGuid = {B2848E77-2E90-46D0-947C-5EA24E629690}
	EndGlobalSection
EndGlobal
